
Microsoft Visual Studio Solution File, Format Version 12.00
# Visual Studio Version 17
VisualStudioVersion = 17.5.33502.453
MinimumVisualStudioVersion = 10.0.40219.1
Project("{8BC9CEB8-8B4A-11D0-8D11-00A0C91BC942}") = "Function", "Function.vcxproj", "{BB65CFED-D075-413A-A323-5B1C56F6E3E5}"
EndProject
Global
	GlobalSection(SolutionConfigurationPlatforms) = preSolution
		Debug|x64 = Debug|x64
		Debug|x86 = Debug|x86
		Release|x64 = Release|x64
		Release|x86 = Release|x86
	EndGlobalSection
	GlobalSection(ProjectConfigurationPlatforms) = postSolution
		{BB65CFED-D075-413A-A323-5B1C56F6E3E5}.Debug|x64.ActiveCfg = Debug|x64
		{BB65CFED-D075-413A-A323-5B1C56F6E3E5}.Debug|x64.Build.0 = Debug|x64
		{BB65CFED-D075-413A-A323-5B1C56F6E3E5}.Debug|x86.ActiveCfg = Debug|Win32
		{BB65CFED-D075-413A-A323-5B1C56F6E3E5}.Debug|x86.Build.0 = Debug|Win32
		{BB65CFED-D075-413A-A323-5B1C56F6E3E5}.Release|x64.ActiveCfg = Release|x64
		{BB65CFED-D075-413A-A323-5B1C56F6E3E5}.Release|x64.Build.0 = Release|x64
		{BB65CFED-D075-413A-A323-5B1C56F6E3E5}.Release|x86.ActiveCfg = Release|Win32
		{BB65CFED-D075-413A-A323-5B1C56F6E3E5}.Release|x86.Build.0 = Release|Win32
	EndGlobalSection
	GlobalSection(SolutionProperties) = preSolution
		HideSolutionNode = FALSE
	EndGlobalSection
	GlobalSection(ExtensibilityGlobals) = postSolution
		SolutionGuid = {11630D7C-1F59-4DB0-B2D6-AA98B6302256}
	EndGlobalSection
EndGlobal
